
Microsoft Visual Studio Solution File, Format Version 12.00
# Visual Studio Version 17
VisualStudioVersion = 17.3.32804.467
MinimumVisualStudioVersion = 10.0.40219.1
Project("{9A19103F-16F7-4668-BE54-9A1E7A4F7556}") = "AspProMongoDb.WebApp", "AspProMongoDb.WebApp\AspProMongoDb.WebApp.csproj", "{F5BABDBF-4B85-4382-9F4B-C5172DE514E0}"
EndProject
Global
	GlobalSection(SolutionConfigurationPlatforms) = preSolution
		Debug|Any CPU = Debug|Any CPU
		Release|Any CPU = Release|Any CPU
	EndGlobalSection
	GlobalSection(ProjectConfigurationPlatforms) = postSolution
		{F5BABDBF-4B85-4382-9F4B-C5172DE514E0}.Debug|Any CPU.ActiveCfg = Debug|Any CPU
		{F5BABDBF-4B85-4382-9F4B-C5172DE514E0}.Debug|Any CPU.Build.0 = Debug|Any CPU
		{F5BABDBF-4B85-4382-9F4B-C5172DE514E0}.Release|Any CPU.ActiveCfg = Release|Any CPU
		{F5BABDBF-4B85-4382-9F4B-C5172DE514E0}.Release|Any CPU.Build.0 = Release|Any CPU
	EndGlobalSection
	GlobalSection(SolutionProperties) = preSolution
		HideSolutionNode = FALSE
	EndGlobalSection
	GlobalSection(ExtensibilityGlobals) = postSolution
		SolutionGuid = {DFF71914-6D19-4EFF-9EEB-144BFE73D4AD}
	EndGlobalSection
EndGlobal
